
Microsoft Visual Studio Solution File, Format Version 12.00
# Visual Studio Version 16
VisualStudioVersion = 16.0.32510.428
MinimumVisualStudioVersion = 10.0.40219.1
Project("{FAE04EC0-301F-11D3-BF4B-00C04F79EFBC}") = "2semPR1_maslova", "2semPR1_maslova.csproj", "{348124D7-60E7-444F-A23F-58671B7123AA}"
EndProject
Global
	GlobalSection(SolutionConfigurationPlatforms) = preSolution
		Debug|Any CPU = Debug|Any CPU
		Release|Any CPU = Release|Any CPU
	EndGlobalSection
	GlobalSection(ProjectConfigurationPlatforms) = postSolution
		{348124D7-60E7-444F-A23F-58671B7123AA}.Debug|Any CPU.ActiveCfg = Debug|Any CPU
		{348124D7-60E7-444F-A23F-58671B7123AA}.Debug|Any CPU.Build.0 = Debug|Any CPU
		{348124D7-60E7-444F-A23F-58671B7123AA}.Release|Any CPU.ActiveCfg = Release|Any CPU
		{348124D7-60E7-444F-A23F-58671B7123AA}.Release|Any CPU.Build.0 = Release|Any CPU
	EndGlobalSection
	GlobalSection(SolutionProperties) = preSolution
		HideSolutionNode = FALSE
	EndGlobalSection
	GlobalSection(ExtensibilityGlobals) = postSolution
		SolutionGuid = {2C625F8B-F3A3-41AD-BFB0-13F76BF4FFAC}
	EndGlobalSection
EndGlobal
